// !$*UTF8*$!
{
	archiveVersion = 1;
	classes = {
	};
	objectVersion = 50;
	objects = {

/* Begin PBXBuildFile section */
		4201AEAB242130E200779A1F /* Test.swift in Sources */ = {isa = PBXBuildFile; fileRef = 4201AEAA242130E200779A1F /* Test.swift */; };
		4201AEAF2421723600779A1F /* ReleaseDateModel.swift in Sources */ = {isa = PBXBuildFile; fileRef = 4201AEAE2421723600779A1F /* ReleaseDateModel.swift */; };
		420286B52409953A00A3763C /* Mario.png in Resources */ = {isa = PBXBuildFile; fileRef = 420286B42409953A00A3763C /* Mario.png */; };
		42344BA024204C3D0015B1A2 /* ReleaseSchedule.swift in Sources */ = {isa = PBXBuildFile; fileRef = 42344B9F24204C3D0015B1A2 /* ReleaseSchedule.swift */; };
		4284ADD92406DFA3002B066D /* Amiibo.json in Resources */ = {isa = PBXBuildFile; fileRef = 4284ADD82406DFA3002B066D /* Amiibo.json */; };
		4284ADDC24073BA7002B066D /* AmiiboDetailView.swift in Sources */ = {isa = PBXBuildFile; fileRef = 4284ADDB24073BA7002B066D /* AmiiboDetailView.swift */; };
		42DB593A24367A780013A03E /* Amiibo App Images in Resources */ = {isa = PBXBuildFile; fileRef = 42DB593924367A780013A03E /* Amiibo App Images */; };
		42F76FD82405BA4A0052A4A2 /* URLimageView.swift in Sources */ = {isa = PBXBuildFile; fileRef = 42F76FD72405BA4A0052A4A2 /* URLimageView.swift */; };
		42F76FDE2405C4420052A4A2 /* URLImageModel.swift in Sources */ = {isa = PBXBuildFile; fileRef = 42F76FDD2405C4420052A4A2 /* URLImageModel.swift */; };
		42F90169240090030032B205 /* AppDelegate.swift in Sources */ = {isa = PBXBuildFile; fileRef = 42F90168240090030032B205 /* AppDelegate.swift */; };
		42F9016B240090030032B205 /* SceneDelegate.swift in Sources */ = {isa = PBXBuildFile; fileRef = 42F9016A240090030032B205 /* SceneDelegate.swift */; };
		42F9016D240090030032B205 /* ContentView.swift in Sources */ = {isa = PBXBuildFile; fileRef = 42F9016C240090030032B205 /* ContentView.swift */; };
		42F9016F240090060032B205 /* Assets.xcassets in Resources */ = {isa = PBXBuildFile; fileRef = 42F9016E240090060032B205 /* Assets.xcassets */; };
		42F90172240090060032B205 /* Preview Assets.xcassets in Resources */ = {isa = PBXBuildFile; fileRef = 42F90171240090060032B205 /* Preview Assets.xcassets */; };
		42F90175240090060032B205 /* LaunchScreen.storyboard in Resources */ = {isa = PBXBuildFile; fileRef = 42F90173240090060032B205 /* LaunchScreen.storyboard */; };
		42F9017D240090360032B205 /* NetworkingManager.swift in Sources */ = {isa = PBXBuildFile; fileRef = 42F9017C240090360032B205 /* NetworkingManager.swift */; };
		42F9017F2400924D0032B205 /* AmiiboAPIList.swift in Sources */ = {isa = PBXBuildFile; fileRef = 42F9017E2400924D0032B205 /* AmiiboAPIList.swift */; };
/* End PBXBuildFile section */

/* Begin PBXFileReference section */
		4201AEAA242130E200779A1F /* Test.swift */ = {isa = PBXFileReference; lastKnownFileType = sourcecode.swift; path = Test.swift; sourceTree = "<group>"; };
		4201AEAE2421723600779A1F /* ReleaseDateModel.swift */ = {isa = PBXFileReference; lastKnownFileType = sourcecode.swift; path = ReleaseDateModel.swift; sourceTree = "<group>"; };
		420286B42409953A00A3763C /* Mario.png */ = {isa = PBXFileReference; lastKnownFileType = image.png; name = Mario.png; path = ../../../../../Downloads/Mario.png; sourceTree = "<group>"; };
		42344B9F24204C3D0015B1A2 /* ReleaseSchedule.swift */ = {isa = PBXFileReference; fileEncoding = 4; lastKnownFileType = sourcecode.swift; path = ReleaseSchedule.swift; sourceTree = "<group>"; };
		4284ADD82406DFA3002B066D /* Amiibo.json */ = {isa = PBXFileReference; lastKnownFileType = text.json; path = Amiibo.json; sourceTree = "<group>"; };
		4284ADDB24073BA7002B066D /* AmiiboDetailView.swift */ = {isa = PBXFileReference; lastKnownFileType = sourcecode.swift; path = AmiiboDetailView.swift; sourceTree = "<group>"; };
		42DB593924367A780013A03E /* Amiibo App Images */ = {isa = PBXFileReference; lastKnownFileType = folder; path = "Amiibo App Images"; sourceTree = "<group>"; };
		42F76FD72405BA4A0052A4A2 /* URLimageView.swift */ = {isa = PBXFileReference; lastKnownFileType = sourcecode.swift; path = URLimageView.swift; sourceTree = "<group>"; };
		42F76FDD2405C4420052A4A2 /* URLImageModel.swift */ = {isa = PBXFileReference; lastKnownFileType = sourcecode.swift; path = URLImageModel.swift; sourceTree = "<group>"; };
		42F90165240090030032B205 /* Amiibo.app */ = {isa = PBXFileReference; explicitFileType = wrapper.application; includeInIndex = 0; path = Amiibo.app; sourceTree = BUILT_PRODUCTS_DIR; };
		42F90168240090030032B205 /* AppDelegate.swift */ = {isa = PBXFileReference; lastKnownFileType = sourcecode.swift; path = AppDelegate.swift; sourceTree = "<group>"; };
		42F9016A240090030032B205 /* SceneDelegate.swift */ = {isa = PBXFileReference; lastKnownFileType = sourcecode.swift; path = SceneDelegate.swift; sourceTree = "<group>"; };
		42F9016C240090030032B205 /* ContentView.swift */ = {isa = PBXFileReference; lastKnownFileType = sourcecode.swift; path = ContentView.swift; sourceTree = "<group>"; };
		42F9016E240090060032B205 /* Assets.xcassets */ = {isa = PBXFileReference; lastKnownFileType = folder.assetcatalog; path = Assets.xcassets; sourceTree = "<group>"; };
		42F90171240090060032B205 /* Preview Assets.xcassets */ = {isa = PBXFileReference; lastKnownFileType = folder.assetcatalog; path = "Preview Assets.xcassets"; sourceTree = "<group>"; };
		42F90174240090060032B205 /* Base */ = {isa = PBXFileReference; lastKnownFileType = file.storyboard; name = Base; path = Base.lproj/LaunchScreen.storyboard; sourceTree = "<group>"; };
		42F90176240090060032B205 /* Info.plist */ = {isa = PBXFileReference; lastKnownFileType = text.plist.xml; path = Info.plist; sourceTree = "<group>"; };
		42F9017C240090360032B205 /* NetworkingManager.swift */ = {isa = PBXFileReference; lastKnownFileType = sourcecode.swift; path = NetworkingManager.swift; sourceTree = "<group>"; };
		42F9017E2400924D0032B205 /* AmiiboAPIList.swift */ = {isa = PBXFileReference; lastKnownFileType = sourcecode.swift; path = AmiiboAPIList.swift; sourceTree = "<group>"; };
/* End PBXFileReference section */

/* Begin PBXFrameworksBuildPhase section */
		42F90162240090030032B205 /* Frameworks */ = {
			isa = PBXFrameworksBuildPhase;
			buildActionMask = 2147483647;
			files = (
			);
			runOnlyForDeploymentPostprocessing = 0;
		};
/* End PBXFrameworksBuildPhase section */

/* Begin PBXGroup section */
		4269500B24148C160055C49D /* Networking */ = {
			isa = PBXGroup;
			children = (
				42F9017C240090360032B205 /* NetworkingManager.swift */,
			);
			path = Networking;
			sourceTree = "<group>";
		};
		4284ADDA24073AF2002B066D /* Views */ = {
			isa = PBXGroup;
			children = (
				4284ADDB24073BA7002B066D /* AmiiboDetailView.swift */,
				42F9016C240090030032B205 /* ContentView.swift */,
				42344B9F24204C3D0015B1A2 /* ReleaseSchedule.swift */,
				42F76FD72405BA4A0052A4A2 /* URLimageView.swift */,
			);
			path = Views;
			sourceTree = "<group>";
		};
		42F76FD92405BEAC0052A4A2 /* Resources */ = {
			isa = PBXGroup;
			children = (
				420286B42409953A00A3763C /* Mario.png */,
				4284ADD82406DFA3002B066D /* Amiibo.json */,
				42DB593924367A780013A03E /* Amiibo App Images */,
			);
			path = Resources;
			sourceTree = "<group>";
		};
		42F76FDC2405C3E10052A4A2 /* Model */ = {
			isa = PBXGroup;
			children = (
				42F9017E2400924D0032B205 /* AmiiboAPIList.swift */,
				4201AEAE2421723600779A1F /* ReleaseDateModel.swift */,
				4201AEAA242130E200779A1F /* Test.swift */,
				42F76FDD2405C4420052A4A2 /* URLImageModel.swift */,
			);
			path = Model;
			sourceTree = "<group>";
		};
		42F9015C240090030032B205 = {
			isa = PBXGroup;
			children = (
				42F90167240090030032B205 /* Amiibo */,
				42F90166240090030032B205 /* Products */,
			);
			sourceTree = "<group>";
		};
		42F90166240090030032B205 /* Products */ = {
			isa = PBXGroup;
			children = (
				42F90165240090030032B205 /* Amiibo.app */,
			);
			name = Products;
			sourceTree = "<group>";
		};
		42F90167240090030032B205 /* Amiibo */ = {
			isa = PBXGroup;
			children = (
				42F90168240090030032B205 /* AppDelegate.swift */,
				42F9016A240090030032B205 /* SceneDelegate.swift */,
				42F9016E240090060032B205 /* Assets.xcassets */,
				42F90173240090060032B205 /* LaunchScreen.storyboard */,
				42F90176240090060032B205 /* Info.plist */,
				42F90170240090060032B205 /* Preview Content */,
				42F76FDC2405C3E10052A4A2 /* Model */,
				4269500B24148C160055C49D /* Networking */,
				4284ADDA24073AF2002B066D /* Views */,
				42F76FD92405BEAC0052A4A2 /* Resources */,
			);
			path = Amiibo;
			sourceTree = "<group>";
		};
		42F90170240090060032B205 /* Preview Content */ = {
			isa = PBXGroup;
			children = (
				42F90171240090060032B205 /* Preview Assets.xcassets */,
			);
			path = "Preview Content";
			sourceTree = "<group>";
		};
/* End PBXGroup section */

/* Begin PBXNativeTarget section */
		42F90164240090030032B205 /* Amiibo */ = {
			isa = PBXNativeTarget;
			buildConfigurationList = 42F90179240090060032B205 /* Build configuration list for PBXNativeTarget "Amiibo" */;
			buildPhases = (
				42F90161240090030032B205 /* Sources */,
				42F90162240090030032B205 /* Frameworks */,
				42F90163240090030032B205 /* Resources */,
			);
			buildRules = (
			);
			dependencies = (
			);
			name = Amiibo;
			productName = Amiibo;
			productReference = 42F90165240090030032B205 /* Amiibo.app */;
			productType = "com.apple.product-type.application";
		};
/* End PBXNativeTarget section */

/* Begin PBXProject section */
		42F9015D240090030032B205 /* Project object */ = {
			isa = PBXProject;
			attributes = {
				LastSwiftUpdateCheck = 1130;
				LastUpgradeCheck = 1330;
				ORGANIZATIONNAME = "Les R Lariz";
				TargetAttributes = {
					42F90164240090030032B205 = {
						CreatedOnToolsVersion = 11.3.1;
					};
				};
			};
			buildConfigurationList = 42F90160240090030032B205 /* Build configuration list for PBXProject "Amiibo" */;
			compatibilityVersion = "Xcode 9.3";
			developmentRegion = en;
			hasScannedForEncodings = 0;
			knownRegions = (
				en,
				Base,
			);
			mainGroup = 42F9015C240090030032B205;
			productRefGroup = 42F90166240090030032B205 /* Products */;
			projectDirPath = "";
			projectRoot = "";
			targets = (
				42F90164240090030032B205 /* Amiibo */,
			);
		};
/* End PBXProject section */

/* Begin PBXResourcesBuildPhase section */
		42F90163240090030032B205 /* Resources */ = {
			isa = PBXResourcesBuildPhase;
			buildActionMask = 2147483647;
			files = (
				4284ADD92406DFA3002B066D /* Amiibo.json in Resources */,
				42DB593A24367A780013A03E /* Amiibo App Images in Resources */,
				42F90175240090060032B205 /* LaunchScreen.storyboard in Resources */,
				42F90172240090060032B205 /* Preview Assets.xcassets in Resources */,
				42F9016F240090060032B205 /* Assets.xcassets in Resources */,
				420286B52409953A00A3763C /* Mario.png in Resources */,
			);
			runOnlyForDeploymentPostprocessing = 0;
		};
/* End PBXResourcesBuildPhase section */

/* Begin PBXSourcesBuildPhase section */
		42F90161240090030032B205 /* Sources */ = {
			isa = PBXSourcesBuildPhase;
			buildActionMask = 2147483647;
			files = (
				4284ADDC24073BA7002B066D /* AmiiboDetailView.swift in Sources */,
				42F90169240090030032B205 /* AppDelegate.swift in Sources */,
				42F9017F2400924D0032B205 /* AmiiboAPIList.swift in Sources */,
				42F9017D240090360032B205 /* NetworkingManager.swift in Sources */,
				42F9016B240090030032B205 /* SceneDelegate.swift in Sources */,
				4201AEAB242130E200779A1F /* Test.swift in Sources */,
				42F76FD82405BA4A0052A4A2 /* URLimageView.swift in Sources */,
				42F76FDE2405C4420052A4A2 /* URLImageModel.swift in Sources */,
				42344BA024204C3D0015B1A2 /* ReleaseSchedule.swift in Sources */,
				4201AEAF2421723600779A1F /* ReleaseDateModel.swift in Sources */,
				42F9016D240090030032B205 /* ContentView.swift in Sources */,
			);
			runOnlyForDeploymentPostprocessing = 0;
		};
/* End PBXSourcesBuildPhase section */

/* Begin PBXVariantGroup section */
		42F90173240090060032B205 /* LaunchScreen.storyboard */ = {
			isa = PBXVariantGroup;
			children = (
				42F90174240090060032B205 /* Base */,
			);
			name = LaunchScreen.storyboard;
			sourceTree = "<group>";
		};
/* End PBXVariantGroup section */

/* Begin XCBuildConfiguration section */
		42F90177240090060032B205 /* Debug */ = {
			isa = XCBuildConfiguration;
			buildSettings = {
				ALWAYS_SEARCH_USER_PATHS = NO;
				CLANG_ANALYZER_NONNULL = YES;
				CLANG_ANALYZER_NUMBER_OBJECT_CONVERSION = YES_AGGRESSIVE;
				CLANG_CXX_LANGUAGE_STANDARD = "gnu++14";
				CLANG_CXX_LIBRARY = "libc++";
				CLANG_ENABLE_MODULES = YES;
				CLANG_ENABLE_OBJC_ARC = YES;
				CLANG_ENABLE_OBJC_WEAK = YES;
				CLANG_WARN_BLOCK_CAPTURE_AUTORELEASING = YES;
				CLANG_WARN_BOOL_CONVERSION = YES;
				CLANG_WARN_COMMA = YES;
				CLANG_WARN_CONSTANT_CONVERSION = YES;
				CLANG_WARN_DEPRECATED_OBJC_IMPLEMENTATIONS = YES;
				CLANG_WARN_DIRECT_OBJC_ISA_USAGE = YES_ERROR;
				CLANG_WARN_DOCUMENTATION_COMMENTS = YES;
				CLANG_WARN_EMPTY_BODY = YES;
				CLANG_WARN_ENUM_CONVERSION = YES;
				CLANG_WARN_INFINITE_RECURSION = YES;
				CLANG_WARN_INT_CONVERSION = YES;
				CLANG_WARN_NON_LITERAL_NULL_CONVERSION = YES;
				CLANG_WARN_OBJC_IMPLICIT_RETAIN_SELF = YES;
				CLANG_WARN_OBJC_LITERAL_CONVERSION = YES;
				CLANG_WARN_OBJC_ROOT_CLASS = YES_ERROR;
				CLANG_WARN_QUOTED_INCLUDE_IN_FRAMEWORK_HEADER = YES;
				CLANG_WARN_RANGE_LOOP_ANALYSIS = YES;
				CLANG_WARN_STRICT_PROTOTYPES = YES;
				CLANG_WARN_SUSPICIOUS_MOVE = YES;
				CLANG_WARN_UNGUARDED_AVAILABILITY = YES_AGGRESSIVE;
				CLANG_WARN_UNREACHABLE_CODE = YES;
				CLANG_WARN__DUPLICATE_METHOD_MATCH = YES;
				COPY_PHASE_STRIP = NO;
				DEBUG_INFORMATION_FORMAT = dwarf;
				ENABLE_STRICT_OBJC_MSGSEND = YES;
				ENABLE_TESTABILITY = YES;
				GCC_C_LANGUAGE_STANDARD = gnu11;
				GCC_DYNAMIC_NO_PIC = NO;
				GCC_NO_COMMON_BLOCKS = YES;
				GCC_OPTIMIZATION_LEVEL = 0;
				GCC_PREPROCESSOR_DEFINITIONS = (
					"DEBUG=1",
					"$(inherited)",
				);
				GCC_WARN_64_TO_32_BIT_CONVERSION = YES;
				GCC_WARN_ABOUT_RETURN_TYPE = YES_ERROR;
				GCC_WARN_UNDECLARED_SELECTOR = YES;
				GCC_WARN_UNINITIALIZED_AUTOS = YES_AGGRESSIVE;
				GCC_WARN_UNUSED_FUNCTION = YES;
				GCC_WARN_UNUSED_VARIABLE = YES;
				IPHONEOS_DEPLOYMENT_TARGET = 15.4;
				MTL_ENABLE_DEBUG_INFO = INCLUDE_SOURCE;
				MTL_FAST_MATH = YES;
				ONLY_ACTIVE_ARCH = YES;
				SDKROOT = iphoneos;
				SWIFT_ACTIVE_COMPILATION_CONDITIONS = DEBUG;
				SWIFT_OPTIMIZATION_LEVEL = "-Onone";
			};
			name = Debug;
		};
		42F90178240090060032B205 /* Release */ = {
			isa = XCBuildConfiguration;
			buildSettings = {
				ALWAYS_SEARCH_USER_PATHS = NO;
				CLANG_ANALYZER_NONNULL = YES;
				CLANG_ANALYZER_NUMBER_OBJECT_CONVERSION = YES_AGGRESSIVE;
				CLANG_CXX_LANGUAGE_STANDARD = "gnu++14";
				CLANG_CXX_LIBRARY = "libc++";
				CLANG_ENABLE_MODULES = YES;
				CLANG_ENABLE_OBJC_ARC = YES;
				CLANG_ENABLE_OBJC_WEAK = YES;
				CLANG_WARN_BLOCK_CAPTURE_AUTORELEASING = YES;
				CLANG_WARN_BOOL_CONVERSION = YES;
				CLANG_WARN_COMMA = YES;
				CLANG_WARN_CONSTANT_CONVERSION = YES;
				CLANG_WARN_DEPRECATED_OBJC_IMPLEMENTATIONS = YES;
				CLANG_WARN_DIRECT_OBJC_ISA_USAGE = YES_ERROR;
				CLANG_WARN_DOCUMENTATION_COMMENTS = YES;
				CLANG_WARN_EMPTY_BODY = YES;
				CLANG_WARN_ENUM_CONVERSION = YES;
				CLANG_WARN_INFINITE_RECURSION = YES;
				CLANG_WARN_INT_CONVERSION = YES;
				CLANG_WARN_NON_LITERAL_NULL_CONVERSION = YES;
				CLANG_WARN_OBJC_IMPLICIT_RETAIN_SELF = YES;
				CLANG_WARN_OBJC_LITERAL_CONVERSION = YES;
				CLANG_WARN_OBJC_ROOT_CLASS = YES_ERROR;
				CLANG_WARN_QUOTED_INCLUDE_IN_FRAMEWORK_HEADER = YES;
				CLANG_WARN_RANGE_LOOP_ANALYSIS = YES;
				CLANG_WARN_STRICT_PROTOTYPES = YES;
				CLANG_WARN_SUSPICIOUS_MOVE = YES;
				CLANG_WARN_UNGUARDED_AVAILABILITY = YES_AGGRESSIVE;
				CLANG_WARN_UNREACHABLE_CODE = YES;
				CLANG_WARN__DUPLICATE_METHOD_MATCH = YES;
				COPY_PHASE_STRIP = NO;
				DEBUG_INFORMATION_FORMAT = "dwarf-with-dsym";
				ENABLE_NS_ASSERTIONS = NO;
				ENABLE_STRICT_OBJC_MSGSEND = YES;
				GCC_C_LANGUAGE_STANDARD = gnu11;
				GCC_NO_COMMON_BLOCKS = YES;
				GCC_WARN_64_TO_32_BIT_CONVERSION = YES;
				GCC_WARN_ABOUT_RETURN_TYPE = YES_ERROR;
				GCC_WARN_UNDECLARED_SELECTOR = YES;
				GCC_WARN_UNINITIALIZED_AUTOS = YES_AGGRESSIVE;
				GCC_WARN_UNUSED_FUNCTION = YES;
				GCC_WARN_UNUSED_VARIABLE = YES;
				IPHONEOS_DEPLOYMENT_TARGET = 15.4;
				MTL_ENABLE_DEBUG_INFO = NO;
				MTL_FAST_MATH = YES;
				SDKROOT = iphoneos;
				SWIFT_COMPILATION_MODE = wholemodule;
				SWIFT_OPTIMIZATION_LEVEL = "-O";
				VALIDATE_PRODUCT = YES;
			};
			name = Release;
		};
		42F9017A240090060032B205 /* Debug */ = {
			isa = XCBuildConfiguration;
			buildSettings = {
				ASSETCATALOG_COMPILER_APPICON_NAME = AppIcon;
				CODE_SIGN_STYLE = Automatic;
				DEVELOPMENT_ASSET_PATHS = "\"Amiibo/Preview Content\"";
				DEVELOPMENT_TEAM = N3UFHUD83J;
				ENABLE_PREVIEWS = YES;
				INFOPLIST_FILE = Amiibo/Info.plist;
				LD_RUNPATH_SEARCH_PATHS = (
					"$(inherited)",
					"@executable_path/Frameworks",
				);
				PRODUCT_BUNDLE_IDENTIFIER = com.64bitdad.Amiibo;
				PRODUCT_NAME = "$(TARGET_NAME)";
				SWIFT_VERSION = 5.0;
				TARGETED_DEVICE_FAMILY = "1,2";
			};
			name = Debug;
		};
		42F9017B240090060032B205 /* Release */ = {
			isa = XCBuildConfiguration;
			buildSettings = {
				ASSETCATALOG_COMPILER_APPICON_NAME = AppIcon;
				CODE_SIGN_STYLE = Automatic;
				DEVELOPMENT_ASSET_PATHS = "\"Amiibo/Preview Content\"";
				DEVELOPMENT_TEAM = N3UFHUD83J;
				ENABLE_PREVIEWS = YES;
				INFOPLIST_FILE = Amiibo/Info.plist;
				LD_RUNPATH_SEARCH_PATHS = (
					"$(inherited)",
					"@executable_path/Frameworks",
				);
				PRODUCT_BUNDLE_IDENTIFIER = com.64bitdad.Amiibo;
				PRODUCT_NAME = "$(TARGET_NAME)";
				SWIFT_VERSION = 5.0;
				TARGETED_DEVICE_FAMILY = "1,2";
			};
			name = Release;
		};
/* End XCBuildConfiguration section */

/* Begin XCConfigurationList section */
		42F90160240090030032B205 /* Build configuration list for PBXProject "Amiibo" */ = {
			isa = XCConfigurationList;
			buildConfigurations = (
				42F90177240090060032B205 /* Debug */,
				42F90178240090060032B205 /* Release */,
			);
			defaultConfigurationIsVisible = 0;
			defaultConfigurationName = Release;
		};
		42F90179240090060032B205 /* Build configuration list for PBXNativeTarget "Amiibo" */ = {
			isa = XCConfigurationList;
			buildConfigurations = (
				42F9017A240090060032B205 /* Debug */,
				42F9017B240090060032B205 /* Release */,
			);
			defaultConfigurationIsVisible = 0;
			defaultConfigurationName = Release;
		};
/* End XCConfigurationList section */
	};
	rootObject = 42F9015D240090030032B205 /* Project object */;
}
